<?xml version="1.0" encoding="utf-8"?>
<Project ToolsVersion="4.0" xmlns="http://schemas.microsoft.com/developer/msbuild/2003">
  <ItemGroup>
    <ClCompile Include="C_Render.cpp" />
    <ClCompile Include="C_Transform.cpp" />
    <ClCompile Include="MBAObject.cpp" />
    <ClCompile Include="MBAObject_Transform.cpp" />
    <ClCompile Include="MyAppState.cpp" />
    <ClCompile Include="TAnimator.cpp" />
    <ClCompile Include="TComponents.cpp" />
    <ClCompile Include="WinMain.cpp" />
    <ClCompile Include="C_MeshRenderer.cpp" />
  </ItemGroup>
  <ItemGroup>
    <ClInclude Include="C_Render.h" />
    <ClInclude Include="C_Transform.h" />
    <ClInclude Include="MBAObject.h" />
    <ClInclude Include="MBAObject_Transform.h" />
    <ClInclude Include="MyAppState.h" />
    <ClInclude Include="TAnimator.h" />
    <ClInclude Include="TComponents.h" />
    <ClInclude Include="C_MeshRenderer.h" />
  </ItemGroup>
</Project>