<?xml version="1.0" encoding="utf-8"?>
<Project ToolsVersion="4.0" xmlns="http://schemas.microsoft.com/developer/msbuild/2003">
  <ItemGroup>
    <Filter Include="Inc">
      <UniqueIdentifier>{16d05883-e920-4778-8ee9-0091c65d2780}</UniqueIdentifier>
    </Filter>
    <Filter Include="Src">
      <UniqueIdentifier>{9e7f50d6-c8f1-44ab-bfc5-b68c5d584a0e}</UniqueIdentifier>
    </Filter>
    <Filter Include="Inc\World">
      <UniqueIdentifier>{7e69dce9-e3ad-4e56-914d-23832aaf261f}</UniqueIdentifier>
    </Filter>
    <Filter Include="Src\World">
      <UniqueIdentifier>{026efd75-dfaf-4b8e-9a90-cd8d3e580df5}</UniqueIdentifier>
    </Filter>
    <Filter Include="Inc\Components">
      <UniqueIdentifier>{1e689c54-e4c9-4029-acd0-1c09947b60a2}</UniqueIdentifier>
    </Filter>
    <Filter Include="Src\Components">
      <UniqueIdentifier>{b5b9bb7a-c85c-4413-b3f5-6c5c13d55a17}</UniqueIdentifier>
    </Filter>
    <Filter Include="Src\Meta">
      <UniqueIdentifier>{9c9762db-6f16-4d12-990a-8036b7e141ad}</UniqueIdentifier>
    </Filter>
    <Filter Include="Inc\App">
      <UniqueIdentifier>{1da0217b-7973-424a-9947-a7af8c777e85}</UniqueIdentifier>
    </Filter>
    <Filter Include="Src\App">
      <UniqueIdentifier>{2fc0bbac-091e-43bc-9026-a811628a7712}</UniqueIdentifier>
    </Filter>
    <Filter Include="EditorService">
      <UniqueIdentifier>{0a2b020b-ecbf-46f1-a35d-9f0b2246e95a}</UniqueIdentifier>
    </Filter>
  </ItemGroup>
  <ItemGroup>
    <ClInclude Include="Src\Precompiled.h">
      <Filter>Src</Filter>
    </ClInclude>
    <ClInclude Include="Inc\World.h">
      <Filter>Inc\World</Filter>
    </ClInclude>
    <ClInclude Include="Inc\GameObject.h">
      <Filter>Inc\World</Filter>
    </ClInclude>
    <ClInclude Include="Inc\GameObjectFactory.h">
      <Filter>Inc\World</Filter>
    </ClInclude>
    <ClInclude Include="Inc\Service.h">
      <Filter>Inc\World</Filter>
    </ClInclude>
    <ClInclude Include="Inc\Component.h">
      <Filter>Inc\World</Filter>
    </ClInclude>
    <ClInclude Include="Inc\ColliderComponent.h">
      <Filter>Inc\Components</Filter>
    </ClInclude>
    <ClInclude Include="Inc\TransformComponent.h">
      <Filter>Inc\Components</Filter>
    </ClInclude>
    <ClInclude Include="Inc\MetaRegistration.h">
      <Filter>Src\Meta</Filter>
    </ClInclude>
    <ClInclude Include="Inc\App.h">
      <Filter>Inc\App</Filter>
    </ClInclude>
    <ClInclude Include="Inc\Common.h">
      <Filter>Inc\App</Filter>
    </ClInclude>
    <ClInclude Include="Inc\HUGE.h">
      <Filter>Inc\App</Filter>
    </ClInclude>
    <ClInclude Include="Inc\AppState.h">
      <Filter>Src\App</Filter>
    </ClInclude>
    <ClInclude Include="Inc\H_MeshRenderer.h" />
    <ClInclude Include="Inc\Editor.h" />
    <ClInclude Include="Inc\Quadtree.h" />
    <ClInclude Include="Inc\PerlinNoise.h" />
    <ClInclude Include="Inc\Terrain.h" />
    <ClInclude Include="Inc\Skydome.h" />
    <ClInclude Include="Inc\CameraService.h">
      <Filter>EditorService</Filter>
    </ClInclude>
    <ClInclude Include="Inc\TerrainService.h">
      <Filter>EditorService</Filter>
    </ClInclude>
    <ClInclude Include="Inc\SkydomeService.h">
      <Filter>EditorService</Filter>
    </ClInclude>
    <ClInclude Include="Inc\MeshService.h">
      <Filter>EditorService</Filter>
    </ClInclude>
  </ItemGroup>
  <ItemGroup>
    <ClCompile Include="Src\Precompiled.cpp">
      <Filter>Src</Filter>
    </ClCompile>
    <ClCompile Include="Src\GameObject.cpp">
      <Filter>Src\World</Filter>
    </ClCompile>
    <ClCompile Include="Src\GameObjectFactory.cpp">
      <Filter>Src\World</Filter>
    </ClCompile>
    <ClCompile Include="Src\Component.cpp">
      <Filter>Src\World</Filter>
    </ClCompile>
    <ClCompile Include="Src\World.cpp">
      <Filter>Src\World</Filter>
    </ClCompile>
    <ClCompile Include="Src\Service.cpp">
      <Filter>Src\World</Filter>
    </ClCompile>
    <ClCompile Include="Src\TransformComponent.cpp">
      <Filter>Src\Components</Filter>
    </ClCompile>
    <ClCompile Include="Src\ColliderComponent.cpp">
      <Filter>Src\Components</Filter>
    </ClCompile>
    <ClCompile Include="Src\MetaRegistration.cpp">
      <Filter>Src\Meta</Filter>
    </ClCompile>
    <ClCompile Include="Src\App.cpp">
      <Filter>Src\App</Filter>
    </ClCompile>
    <ClCompile Include="Src\HUGE.cpp">
      <Filter>Src\App</Filter>
    </ClCompile>
    <ClCompile Include="Src\H_MeshRenderer.cpp" />
    <ClCompile Include="Src\Editor.cpp" />
    <ClCompile Include="Src\Quadtree.cpp" />
    <ClCompile Include="Src\PerlinNoise.cpp" />
    <ClCompile Include="Src\Terrain.cpp" />
    <ClCompile Include="Src\Skydome.cpp" />
    <ClCompile Include="Src\CameraService.cpp">
      <Filter>EditorService</Filter>
    </ClCompile>
    <ClCompile Include="Src\TerrainService.cpp">
      <Filter>EditorService</Filter>
    </ClCompile>
    <ClCompile Include="Src\SkydomeService.cpp">
      <Filter>EditorService</Filter>
    </ClCompile>
    <ClCompile Include="Src\MeshService.cpp">
      <Filter>EditorService</Filter>
    </ClCompile>
  </ItemGroup>
</Project>