<?xml version="1.0" encoding="utf-8"?>
<Project ToolsVersion="4.0" xmlns="http://schemas.microsoft.com/developer/msbuild/2003">
  <ItemGroup>
    <ClCompile Include="LineSkeleton.cpp" />
    <ClCompile Include="MyAppState.cpp" />
    <ClCompile Include="WinMain.cpp" />
    <ClCompile Include="MBAObject.cpp" />
    <ClCompile Include="TAnimator.cpp" />
  </ItemGroup>
  <ItemGroup>
    <ClInclude Include="LineSkeleton.h" />
    <ClInclude Include="MyAppState.h" />
    <ClInclude Include="MBAObject.h" />
    <ClInclude Include="TAnimator.h" />
  </ItemGroup>
</Project>