<?xml version="1.0" encoding="utf-8"?>
<Project ToolsVersion="4.0" xmlns="http://schemas.microsoft.com/developer/msbuild/2003">
  <ItemGroup>
    <Filter Include="Source Files">
      <UniqueIdentifier>{4FC737F1-C7A5-4376-A066-2A32D752A2FF}</UniqueIdentifier>
      <Extensions>cpp;c;cc;cxx;def;odl;idl;hpj;bat;asm;asmx</Extensions>
    </Filter>
    <Filter Include="Header Files">
      <UniqueIdentifier>{93995380-89BD-4b04-88EB-625FBE52EBFB}</UniqueIdentifier>
      <Extensions>h;hh;hpp;hxx;hm;inl;inc;ipp;xsd</Extensions>
    </Filter>
    <Filter Include="Resource Files">
      <UniqueIdentifier>{67DA6AB6-F800-4c08-8B7A-83BB121AAD01}</UniqueIdentifier>
      <Extensions>rc;ico;cur;bmp;dlg;rc2;rct;bin;rgs;gif;jpg;jpeg;jpe;resx;tiff;tif;png;wav;mfcribbon-ms</Extensions>
    </Filter>
  </ItemGroup>
  <ItemGroup>
    <ClCompile Include="C_Transform.cpp">
      <Filter>Source Files</Filter>
    </ClCompile>
    <ClCompile Include="MyAppState.cpp">
      <Filter>Source Files</Filter>
    </ClCompile>
    <ClCompile Include="NewStandardShader.cpp">
      <Filter>Source Files</Filter>
    </ClCompile>
    <ClCompile Include="TBloom.cpp">
      <Filter>Source Files</Filter>
    </ClCompile>
    <ClCompile Include="TDepthMap.cpp">
      <Filter>Source Files</Filter>
    </ClCompile>
    <ClCompile Include="TEdgeDraw.cpp">
      <Filter>Source Files</Filter>
    </ClCompile>
    <ClCompile Include="TestShadow.cpp">
      <Filter>Source Files</Filter>
    </ClCompile>
    <ClCompile Include="TMeshRenderer.cpp">
      <Filter>Source Files</Filter>
    </ClCompile>
    <ClCompile Include="TPostProcDraw.cpp">
      <Filter>Source Files</Filter>
    </ClCompile>
    <ClCompile Include="TPostProcess.cpp">
      <Filter>Source Files</Filter>
    </ClCompile>
    <ClCompile Include="TRenderObject.cpp">
      <Filter>Source Files</Filter>
    </ClCompile>
    <ClCompile Include="TScreenRT.cpp">
      <Filter>Source Files</Filter>
    </ClCompile>
    <ClCompile Include="TSkyDome.cpp">
      <Filter>Source Files</Filter>
    </ClCompile>
    <ClCompile Include="WinMain.cpp">
      <Filter>Source Files</Filter>
    </ClCompile>
  </ItemGroup>
  <ItemGroup>
    <ClInclude Include="C_Transform.h">
      <Filter>Header Files</Filter>
    </ClInclude>
    <ClInclude Include="MyAppState.h">
      <Filter>Header Files</Filter>
    </ClInclude>
    <ClInclude Include="NewStandardShader.h">
      <Filter>Header Files</Filter>
    </ClInclude>
    <ClInclude Include="TBloom.h">
      <Filter>Header Files</Filter>
    </ClInclude>
    <ClInclude Include="TDepthMap.h">
      <Filter>Header Files</Filter>
    </ClInclude>
    <ClInclude Include="TEdgeDraw.h">
      <Filter>Header Files</Filter>
    </ClInclude>
    <ClInclude Include="TestShadow.h">
      <Filter>Header Files</Filter>
    </ClInclude>
    <ClInclude Include="TMeshRenderer.h">
      <Filter>Header Files</Filter>
    </ClInclude>
    <ClInclude Include="TPostProcDraw.h">
      <Filter>Header Files</Filter>
    </ClInclude>
    <ClInclude Include="TPostProcess.h">
      <Filter>Header Files</Filter>
    </ClInclude>
    <ClInclude Include="TRenderObject.h">
      <Filter>Header Files</Filter>
    </ClInclude>
    <ClInclude Include="TScreenRT.h">
      <Filter>Header Files</Filter>
    </ClInclude>
    <ClInclude Include="TSkyDome.h">
      <Filter>Header Files</Filter>
    </ClInclude>
  </ItemGroup>
</Project>