<?xml version="1.0" encoding="utf-8"?>
<Project ToolsVersion="4.0" xmlns="http://schemas.microsoft.com/developer/msbuild/2003">
  <ItemGroup>
    <Filter Include="Src">
      <UniqueIdentifier>{4FC737F1-C7A5-4376-A066-2A32D752A2FF}</UniqueIdentifier>
      <Extensions>cpp;c;cc;cxx;def;odl;idl;hpj;bat;asm;asmx</Extensions>
    </Filter>
    <Filter Include="Inc">
      <UniqueIdentifier>{93995380-89BD-4b04-88EB-625FBE52EBFB}</UniqueIdentifier>
      <Extensions>h;hh;hpp;hxx;hm;inl;inc;ipp;xsd</Extensions>
    </Filter>
    <Filter Include="Inc\Meta">
      <UniqueIdentifier>{e93a3b31-f38a-4d34-827b-5cdd8560e530}</UniqueIdentifier>
    </Filter>
    <Filter Include="Src\Meta">
      <UniqueIdentifier>{c251f096-1c42-4acf-8cd6-bc8ab0678f37}</UniqueIdentifier>
    </Filter>
  </ItemGroup>
  <ItemGroup>
    <ClInclude Include="Inc\Core.h">
      <Filter>Inc</Filter>
    </ClInclude>
    <ClInclude Include="Inc\Common.h">
      <Filter>Inc</Filter>
    </ClInclude>
    <ClInclude Include="Src\Precompiled.h">
      <Filter>Src</Filter>
    </ClInclude>
    <ClInclude Include="Inc\Debug.h">
      <Filter>Inc</Filter>
    </ClInclude>
    <ClInclude Include="Inc\Window.h">
      <Filter>Inc</Filter>
    </ClInclude>
    <ClInclude Include="Inc\WindowMessageHandler.h">
      <Filter>Inc</Filter>
    </ClInclude>
    <ClInclude Include="Inc\BlockAllocator.h">
      <Filter>Inc</Filter>
    </ClInclude>
    <ClInclude Include="Inc\TypedAllocator.h">
      <Filter>Inc</Filter>
    </ClInclude>
    <ClInclude Include="Inc\Handle.h">
      <Filter>Inc</Filter>
    </ClInclude>
    <ClInclude Include="Inc\HandlePool.h">
      <Filter>Inc</Filter>
    </ClInclude>
    <ClInclude Include="Inc\Meta.h">
      <Filter>Inc\Meta</Filter>
    </ClInclude>
    <ClInclude Include="Inc\MetaArray.h">
      <Filter>Inc\Meta</Filter>
    </ClInclude>
    <ClInclude Include="Inc\MetaClass.h">
      <Filter>Inc\Meta</Filter>
    </ClInclude>
    <ClInclude Include="Inc\MetaField.h">
      <Filter>Inc\Meta</Filter>
    </ClInclude>
    <ClInclude Include="Inc\MetaPointer.h">
      <Filter>Inc\Meta</Filter>
    </ClInclude>
    <ClInclude Include="Inc\MetaRegistration.h">
      <Filter>Inc\Meta</Filter>
    </ClInclude>
    <ClInclude Include="Inc\MetaRegistry.h">
      <Filter>Inc\Meta</Filter>
    </ClInclude>
    <ClInclude Include="Inc\MetaType.h">
      <Filter>Inc\Meta</Filter>
    </ClInclude>
    <ClInclude Include="Inc\MetaUtil.h">
      <Filter>Inc\Meta</Filter>
    </ClInclude>
  </ItemGroup>
  <ItemGroup>
    <ClCompile Include="Src\Precompiled.cpp">
      <Filter>Src</Filter>
    </ClCompile>
    <ClCompile Include="Src\Window.cpp">
      <Filter>Src</Filter>
    </ClCompile>
    <ClCompile Include="Src\WindowMessageHandler.cpp">
      <Filter>Src</Filter>
    </ClCompile>
    <ClCompile Include="Src\BlockAllocator.cpp">
      <Filter>Src</Filter>
    </ClCompile>
    <ClCompile Include="Src\TypedAllocator.cpp">
      <Filter>Src</Filter>
    </ClCompile>
    <ClCompile Include="Src\Handle.cpp">
      <Filter>Src</Filter>
    </ClCompile>
    <ClCompile Include="Src\MetaArray.cpp">
      <Filter>Src\Meta</Filter>
    </ClCompile>
    <ClCompile Include="Src\MetaClass.cpp">
      <Filter>Src\Meta</Filter>
    </ClCompile>
    <ClCompile Include="Src\MetaField.cpp">
      <Filter>Src\Meta</Filter>
    </ClCompile>
    <ClCompile Include="Src\MetaPointer.cpp">
      <Filter>Src\Meta</Filter>
    </ClCompile>
    <ClCompile Include="Src\MetaRegistration.cpp">
      <Filter>Src\Meta</Filter>
    </ClCompile>
    <ClCompile Include="Src\MetaRegistry.cpp">
      <Filter>Src\Meta</Filter>
    </ClCompile>
    <ClCompile Include="Src\MetaType.cpp">
      <Filter>Src\Meta</Filter>
    </ClCompile>
  </ItemGroup>
</Project>