<?xml version="1.0" encoding="utf-8"?>
<Project ToolsVersion="4.0" xmlns="http://schemas.microsoft.com/developer/msbuild/2003">
  <ItemGroup>
    <Filter Include="Inc">
      <UniqueIdentifier>{44e7f6c8-9a7a-44b3-a525-a9284b9ea2eb}</UniqueIdentifier>
    </Filter>
    <Filter Include="Src">
      <UniqueIdentifier>{fa879d02-5752-4569-a509-85e2d105ac97}</UniqueIdentifier>
    </Filter>
  </ItemGroup>
  <ItemGroup>
    <ClInclude Include="Inc\Common.h">
      <Filter>Inc</Filter>
    </ClInclude>
    <ClInclude Include="Inc\Graphics.h">
      <Filter>Inc</Filter>
    </ClInclude>
    <ClInclude Include="Inc\GraphicsSystem.h">
      <Filter>Inc</Filter>
    </ClInclude>
    <ClInclude Include="Src\Precompiled.h">
      <Filter>Src</Filter>
    </ClInclude>
    <ClInclude Include="Inc\VertexShader.h">
      <Filter>Inc</Filter>
    </ClInclude>
    <ClInclude Include="Inc\Texture.h">
      <Filter>Inc</Filter>
    </ClInclude>
    <ClInclude Include="Inc\Animation.h">
      <Filter>Inc</Filter>
    </ClInclude>
    <ClInclude Include="Inc\AnimationBuilder.h">
      <Filter>Inc</Filter>
    </ClInclude>
    <ClInclude Include="Inc\BlendState.h">
      <Filter>Inc</Filter>
    </ClInclude>
    <ClInclude Include="Inc\BlendStateManager.h">
      <Filter>Inc</Filter>
    </ClInclude>
    <ClInclude Include="Inc\Camera.h">
      <Filter>Inc</Filter>
    </ClInclude>
    <ClInclude Include="Inc\Colors.h">
      <Filter>Inc</Filter>
    </ClInclude>
    <ClInclude Include="Inc\ConstantBuffer.h">
      <Filter>Inc</Filter>
    </ClInclude>
    <ClInclude Include="Src\D3DUtil.h">
      <Filter>Inc</Filter>
    </ClInclude>
    <ClInclude Include="Inc\DebugUI.h">
      <Filter>Inc</Filter>
    </ClInclude>
    <ClInclude Include="Inc\Keyframe.h">
      <Filter>Inc</Filter>
    </ClInclude>
    <ClInclude Include="Inc\GeometryShader.h">
      <Filter>Inc</Filter>
    </ClInclude>
    <ClInclude Include="Inc\Light.h">
      <Filter>Inc</Filter>
    </ClInclude>
    <ClInclude Include="Inc\Material.h">
      <Filter>Inc</Filter>
    </ClInclude>
    <ClInclude Include="Inc\MeshBuffer.h">
      <Filter>Inc</Filter>
    </ClInclude>
    <ClInclude Include="Inc\MeshBuilder.h">
      <Filter>Inc</Filter>
    </ClInclude>
    <ClInclude Include="Src\MeshIO.h">
      <Filter>Inc</Filter>
    </ClInclude>
    <ClInclude Include="Inc\Model.h">
      <Filter>Inc</Filter>
    </ClInclude>
    <ClInclude Include="Inc\PixelShader.h">
      <Filter>Inc</Filter>
    </ClInclude>
    <ClInclude Include="Inc\RasterizerState.h">
      <Filter>Inc</Filter>
    </ClInclude>
    <ClInclude Include="Inc\RasterizerStateManager.h">
      <Filter>Inc</Filter>
    </ClInclude>
    <ClInclude Include="Inc\VertexType.h">
      <Filter>Inc</Filter>
    </ClInclude>
    <ClInclude Include="Inc\TileMap.h">
      <Filter>Inc</Filter>
    </ClInclude>
    <ClInclude Include="Inc\TextureManager.h">
      <Filter>Inc</Filter>
    </ClInclude>
    <ClInclude Include="Inc\SpriteRenderer.h">
      <Filter>Inc</Filter>
    </ClInclude>
    <ClInclude Include="Inc\SimpleDraw.h">
      <Filter>Inc</Filter>
    </ClInclude>
    <ClInclude Include="Inc\SamplerManager.h">
      <Filter>Inc</Filter>
    </ClInclude>
    <ClInclude Include="Inc\Sampler.h">
      <Filter>Inc</Filter>
    </ClInclude>
    <ClInclude Include="Inc\RenderTarget.h">
      <Filter>Inc</Filter>
    </ClInclude>
    <ClInclude Include="Inc\Mesh.h">
      <Filter>Inc</Filter>
    </ClInclude>
    <ClInclude Include="Inc\AnimationClip.h">
      <Filter>Inc</Filter>
    </ClInclude>
    <ClInclude Include="Inc\Animator.h">
      <Filter>Inc</Filter>
    </ClInclude>
    <ClInclude Include="Inc\Skeleton.h">
      <Filter>Inc</Filter>
    </ClInclude>
    <ClInclude Include="Inc\Bone.h">
      <Filter>Inc</Filter>
    </ClInclude>
    <ClInclude Include="Inc\ShaderEffect.h" />
    <ClInclude Include="Inc\ShaderEffectManager.h" />
    <ClInclude Include="Inc\ShaderEffectBufferType.h" />
    <ClInclude Include="Inc\ObjLoader.h" />
    <ClInclude Include="Inc\DepthStencilState.h" />
    <ClInclude Include="Inc\DepthStencilManager.h" />
  </ItemGroup>
  <ItemGroup>
    <ClCompile Include="Src\GraphicsSystem.cpp">
      <Filter>Src</Filter>
    </ClCompile>
    <ClCompile Include="Src\Precompiled.cpp">
      <Filter>Src</Filter>
    </ClCompile>
    <ClCompile Include="Src\VertexShader.cpp">
      <Filter>Src</Filter>
    </ClCompile>
    <ClCompile Include="Src\BlendState.cpp">
      <Filter>Src</Filter>
    </ClCompile>
    <ClCompile Include="Src\BlendStateManager.cpp">
      <Filter>Src</Filter>
    </ClCompile>
    <ClCompile Include="Src\Camera.cpp">
      <Filter>Src</Filter>
    </ClCompile>
    <ClCompile Include="Src\ConstantBuffer.cpp">
      <Filter>Src</Filter>
    </ClCompile>
    <ClCompile Include="Src\D3DUtil.cpp">
      <Filter>Src</Filter>
    </ClCompile>
    <ClCompile Include="Src\DebugUI.cpp">
      <Filter>Src</Filter>
    </ClCompile>
    <ClCompile Include="Src\GeometryShader.cpp">
      <Filter>Src</Filter>
    </ClCompile>
    <ClCompile Include="Src\MeshBuffer.cpp">
      <Filter>Src</Filter>
    </ClCompile>
    <ClCompile Include="Src\MeshBuilder.cpp">
      <Filter>Src</Filter>
    </ClCompile>
    <ClCompile Include="Src\MeshIO.cpp">
      <Filter>Src</Filter>
    </ClCompile>
    <ClCompile Include="Src\PixelShader.cpp">
      <Filter>Src</Filter>
    </ClCompile>
    <ClCompile Include="Src\RasterizerState.cpp">
      <Filter>Src</Filter>
    </ClCompile>
    <ClCompile Include="Src\RasterizerStateManager.cpp">
      <Filter>Src</Filter>
    </ClCompile>
    <ClCompile Include="Src\RenderTarget.cpp">
      <Filter>Src</Filter>
    </ClCompile>
    <ClCompile Include="Src\Sampler.cpp">
      <Filter>Src</Filter>
    </ClCompile>
    <ClCompile Include="Src\SamplerManager.cpp">
      <Filter>Src</Filter>
    </ClCompile>
    <ClCompile Include="Src\SimpleDraw.cpp">
      <Filter>Src</Filter>
    </ClCompile>
    <ClCompile Include="Src\SpriteRenderer.cpp">
      <Filter>Src</Filter>
    </ClCompile>
    <ClCompile Include="Src\Texture.cpp">
      <Filter>Src</Filter>
    </ClCompile>
    <ClCompile Include="Src\TextureManager.cpp">
      <Filter>Src</Filter>
    </ClCompile>
    <ClCompile Include="Src\TileMap.cpp">
      <Filter>Src</Filter>
    </ClCompile>
    <ClCompile Include="Src\Animation.cpp">
      <Filter>Src</Filter>
    </ClCompile>
    <ClCompile Include="Src\AnimationBuilder.cpp">
      <Filter>Src</Filter>
    </ClCompile>
    <ClCompile Include="Src\Model.cpp">
      <Filter>Src</Filter>
    </ClCompile>
    <ClCompile Include="Src\AnimationClip.cpp">
      <Filter>Src</Filter>
    </ClCompile>
    <ClCompile Include="Src\ShaderEffect.cpp" />
    <ClCompile Include="Src\ShaderEffectManager.cpp" />
    <ClCompile Include="Src\ObjLoader.cpp" />
    <ClCompile Include="Src\DepthStencilState.cpp" />
    <ClCompile Include="Src\DepthStencilManager.cpp" />
  </ItemGroup>
</Project>