
Microsoft Visual Studio Solution File, Format Version 12.00
# Visual Studio 15
VisualStudioVersion = 15.0.27004.2005
MinimumVisualStudioVersion = 10.0.40219.1
Project("{2150E333-8FDC-42A3-9474-1A3956D46DE8}") = "Framework", "Framework", "{7011D9EB-BF54-4747-8E8E-B7BD45C703A9}"
EndProject
Project("{2150E333-8FDC-42A3-9474-1A3956D46DE8}") = "VGP242", "VGP242", "{00EC84CC-D803-474D-94E1-B15E601EDDD9}"
EndProject
Project("{2150E333-8FDC-42A3-9474-1A3956D46DE8}") = "UnitTests", "UnitTests", "{697D6134-0DAF-431A-97C6-A46CEFD15724}"
EndProject
Project("{2150E333-8FDC-42A3-9474-1A3956D46DE8}") = "Assets", "Assets", "{2A9EC74E-0C11-4553-82FA-D2A5198A4C12}"
EndProject
Project("{2150E333-8FDC-42A3-9474-1A3956D46DE8}") = "Shaders", "Shaders", "{AFF9D9AD-9226-43DE-99B9-A81C6AA9E4BC}"
	ProjectSection(SolutionItems) = preProject
		Assets\Shaders\Bloom.fx = Assets\Shaders\Bloom.fx
		Assets\Shaders\Bloom_mid.fx = Assets\Shaders\Bloom_mid.fx
		Assets\Shaders\DepthMap.fx = Assets\Shaders\DepthMap.fx
		Assets\Shaders\DoLighting.fx = Assets\Shaders\DoLighting.fx
		Assets\Shaders\DoNothing.fx = Assets\Shaders\DoNothing.fx
		Assets\Shaders\DoSomething.fx = Assets\Shaders\DoSomething.fx
		Assets\Shaders\DoTransform.fx = Assets\Shaders\DoTransform.fx
		Assets\Shaders\DrawEdge_createDepthnormal.fx = Assets\Shaders\DrawEdge_createDepthnormal.fx
		Assets\Shaders\DrawEdge_postprocess.fx = Assets\Shaders\DrawEdge_postprocess.fx
		Assets\Shaders\OldStandard.fx = Assets\Shaders\OldStandard.fx
		Assets\Shaders\Particle.fx = Assets\Shaders\Particle.fx
		Assets\Shaders\PostProcessing.fx = Assets\Shaders\PostProcessing.fx
		Assets\Shaders\PostProcessingCombine.fx = Assets\Shaders\PostProcessingCombine.fx
		Assets\Shaders\ShadowMap_Test.fx = Assets\Shaders\ShadowMap_Test.fx
		Assets\Shaders\SimpleDraw.fx = Assets\Shaders\SimpleDraw.fx
		Assets\Shaders\Skinning.fx = Assets\Shaders\Skinning.fx
		Assets\Shaders\Standard.fx = Assets\Shaders\Standard.fx
		Assets\Shaders\Texturing.fx = Assets\Shaders\Texturing.fx
	EndProjectSection
EndProject
Project("{2150E333-8FDC-42A3-9474-1A3956D46DE8}") = "External", "External", "{7BD991C7-FF6A-4D4C-BDA1-94B84D12BA1E}"
EndProject
Project("{8BC9CEB8-8B4A-11D0-8D11-00A0C91BC942}") = "DirectXTK_Desktop_2017", "External\DirectXTK\DirectXTK_Desktop_2017.vcxproj", "{E0B52AE7-E160-4D32-BF3F-910B785E5A8E}"
EndProject
Project("{8BC9CEB8-8B4A-11D0-8D11-00A0C91BC942}") = "DirectXTKAudio_Desktop_2017_Win8", "External\DirectXTK\Audio\DirectXTKAudio_Desktop_2017_Win8.vcxproj", "{4F150A30-CECB-49D1-8283-6A3F57438CF5}"
EndProject
Project("{2150E333-8FDC-42A3-9474-1A3956D46DE8}") = "VGP330", "VGP330", "{220DE2E9-1DD6-4F1C-AEC4-B8A1B8DB83D7}"
EndProject
Project("{2150E333-8FDC-42A3-9474-1A3956D46DE8}") = "VGP332", "VGP332", "{1EDFBB55-1304-4277-940E-FE91B1AAA817}"
EndProject
Project("{8BC9CEB8-8B4A-11D0-8D11-00A0C91BC942}") = "ImGui", "External\ImGui\ImGui.vcxproj", "{EC01DA8D-7E82-4AD8-947E-E4D4EBEF6398}"
EndProject
Project("{2150E333-8FDC-42A3-9474-1A3956D46DE8}") = "Engine", "Engine", "{FFAD26B4-AAF5-41B4-BD20-E83484557D68}"
EndProject
Project("{2150E333-8FDC-42A3-9474-1A3956D46DE8}") = "VGP334", "VGP334", "{BFC78D56-8EC7-42F3-B20F-F85E51EAF0E1}"
EndProject
Project("{2150E333-8FDC-42A3-9474-1A3956D46DE8}") = "Tools", "Tools", "{9F0C13DD-B9AC-4E81-8110-03F75A56744E}"
EndProject
Project("{8BC9CEB8-8B4A-11D0-8D11-00A0C91BC942}") = "ModelImporter", "Tools\ModelImporter\ModelImporter.vcxproj", "{2AE7667C-31B9-49D7-BCD0-6B4BA09701A6}"
EndProject
Project("{8BC9CEB8-8B4A-11D0-8D11-00A0C91BC942}") = "HUGE", "Engine\HUGE\HUGE.vcxproj", "{DE7F6490-799B-4D71-94CE-83D9A0D1DCAE}"
EndProject
Project("{8BC9CEB8-8B4A-11D0-8D11-00A0C91BC942}") = "AI", "Framework\AI\AI.vcxproj", "{7F490436-FD60-4E3C-8E02-2C33BB1B4E45}"
EndProject
Project("{8BC9CEB8-8B4A-11D0-8D11-00A0C91BC942}") = "Core", "Framework\Core\Core.vcxproj", "{CB38B3CD-8222-46CA-8635-AF6C11DEB66F}"
EndProject
Project("{8BC9CEB8-8B4A-11D0-8D11-00A0C91BC942}") = "Graphics", "Framework\Graphics\Graphics.vcxproj", "{D1A997A6-1A07-4EE5-9934-FDCB8FFEC4BA}"
EndProject
Project("{8BC9CEB8-8B4A-11D0-8D11-00A0C91BC942}") = "Input", "Framework\Input\Input.vcxproj", "{02DC0CE5-72DF-4F89-8AF2-FF9C0E351A1A}"
EndProject
Project("{8BC9CEB8-8B4A-11D0-8D11-00A0C91BC942}") = "Math", "Framework\Math\Math.vcxproj", "{A2B5C8C6-F46D-4846-91A6-C20B6225BB66}"
EndProject
Project("{8BC9CEB8-8B4A-11D0-8D11-00A0C91BC942}") = "v330_HelloPostProcessing", "VGP330\v330_HelloPostProcessing\v330_HelloPostProcessing.vcxproj", "{53FDEAE7-60EB-45BA-8BE4-445FC0C4267F}"
EndProject
Project("{8BC9CEB8-8B4A-11D0-8D11-00A0C91BC942}") = "v330_ParticleSystem", "VGP330\v330_ParticleSystem\v330_ParticleSystem.vcxproj", "{EA7AB158-BEB4-48A7-84A8-6FADD4A5230B}"
EndProject
Project("{8BC9CEB8-8B4A-11D0-8D11-00A0C91BC942}") = "v334_RobotArm", "VGP334\v334_RobotArm\v334_RobotArm.vcxproj", "{DCD9B7BD-FA60-4A06-B0DA-3A3EEF3A3DFF}"
EndProject
Project("{8BC9CEB8-8B4A-11D0-8D11-00A0C91BC942}") = "v334_Tentacle", "VGP334\v334_Tentacle\v334_Tentacle.vcxproj", "{6E1478F5-9764-450E-99F8-9D29F28F758E}"
EndProject
Project("{8BC9CEB8-8B4A-11D0-8D11-00A0C91BC942}") = "v334_Skeleton", "VGP334\v334_Skeleton\v334_Skeleton.vcxproj", "{F6937482-E6D1-4D0E-927D-DCC16E5FE75C}"
EndProject
Project("{8BC9CEB8-8B4A-11D0-8D11-00A0C91BC942}") = "v334_Animator", "VGP334\v334_Animator\v334_Animator.vcxproj", "{00EC09C1-98F3-4D91-8717-6125471E394C}"
EndProject
Project("{8BC9CEB8-8B4A-11D0-8D11-00A0C91BC942}") = "Physics", "Framework\Physics\Physics.vcxproj", "{12FF3FD7-FD0B-44C1-B243-287CCC82174E}"
EndProject
Project("{8BC9CEB8-8B4A-11D0-8D11-00A0C91BC942}") = "v334_Physics", "VGP334\v334_Physics\v334_Physics.vcxproj", "{D46F9225-9BA3-4829-BE39-60A645222F13}"
EndProject
Project("{2150E333-8FDC-42A3-9474-1A3956D46DE8}") = "Garbage", "Garbage", "{45C01E51-757E-4C15-981B-CFC61E60D621}"
EndProject
Project("{8BC9CEB8-8B4A-11D0-8D11-00A0C91BC942}") = "RenderTest_0", "Garbage\RenderTest_0\RenderTest_0.vcxproj", "{E808D1B3-6EC6-4744-BD25-8D8028F49A80}"
EndProject
Project("{8BC9CEB8-8B4A-11D0-8D11-00A0C91BC942}") = "EffectTest_0", "Garbage\EffectTest_0\EffectTest_0.vcxproj", "{036CEB11-1B75-4666-B0AB-1FCD76E8379A}"
EndProject
Project("{8BC9CEB8-8B4A-11D0-8D11-00A0C91BC942}") = "EffectTest_Skinning", "Garbage\EffectTest_Skinning\EffectTest_Skinning.vcxproj", "{383D3D5B-A0F7-4475-A622-EB8EBD36972A}"
EndProject
Project("{8BC9CEB8-8B4A-11D0-8D11-00A0C91BC942}") = "MathTest", "UnitTests\MathTest\MathTest.vcxproj", "{B27757B2-5378-479C-BFEA-2C0E7B694E40}"
EndProject
Project("{8BC9CEB8-8B4A-11D0-8D11-00A0C91BC942}") = "Test_AnimationTree", "Garbage\Test_AnimationTree\Test_AnimationTree.vcxproj", "{F15199FF-AB72-4E6C-8E17-E1EC99DEFFD8}"
EndProject
Project("{8BC9CEB8-8B4A-11D0-8D11-00A0C91BC942}") = "CoreTest", "UnitTests\CoreTest\CoreTest.vcxproj", "{9A254EFD-7190-411D-877D-8B3E7B4EF9CD}"
EndProject
Project("{8BC9CEB8-8B4A-11D0-8D11-00A0C91BC942}") = "Test_Gameobject", "Garbage\Test_Gameobject\Test_Gameobject.vcxproj", "{9E0FF147-B7DE-42CB-85D9-87C7C615C376}"
EndProject
Project("{8BC9CEB8-8B4A-11D0-8D11-00A0C91BC942}") = "HugeEditor", "Tools\HugeEditor\HugeEditor.vcxproj", "{34A6F268-94F5-4CDA-81F7-DD663E26A5D9}"
EndProject
Project("{8BC9CEB8-8B4A-11D0-8D11-00A0C91BC942}") = "v330_ShadowMap", "VGP330\v330_ShadowMap\v330_ShadowMap.vcxproj", "{017F5D6E-1992-4113-AE4A-2F19036B1596}"
EndProject
Project("{8BC9CEB8-8B4A-11D0-8D11-00A0C91BC942}") = "Test_HRenderer", "Garbage\Test_HRenderer\Test_HRenderer.vcxproj", "{4E96784C-18CD-495A-8B1D-5AB101059847}"
EndProject
Project("{8BC9CEB8-8B4A-11D0-8D11-00A0C91BC942}") = "test_newStandard", "Garbage\test_newStandard\test_newStandard.vcxproj", "{56D053F6-87CE-4F58-89FC-EBC1594C01C2}"
EndProject
Project("{8BC9CEB8-8B4A-11D0-8D11-00A0C91BC942}") = "Test_Terrain", "Garbage\Test_Terrain\Test_Terrain.vcxproj", "{7AF4B476-904E-4B75-A202-E978DF45E49C}"
EndProject
Project("{8BC9CEB8-8B4A-11D0-8D11-00A0C91BC942}") = "Test_SomeShaderEffects", "Garbage\Test_SomeShaderEffects\Test_SomeShaderEffects.vcxproj", "{6B64B27E-1A1F-40BB-AC36-95C62429276E}"
EndProject
Project("{8BC9CEB8-8B4A-11D0-8D11-00A0C91BC942}") = "Test_Animator", "Garbage\Test_Animator\Test_Animator.vcxproj", "{1C8AF160-DC37-49EF-830F-092C9100E366}"
EndProject
Project("{8BC9CEB8-8B4A-11D0-8D11-00A0C91BC942}") = "HelloPathFinding", "VGP332\HelloPathFinding\HelloPathFinding.vcxproj", "{668CD6FF-4FED-451C-AD0D-FE6B89AD39A2}"
EndProject
Project("{8BC9CEB8-8B4A-11D0-8D11-00A0C91BC942}") = "v332_cheatgame", "VGP332\v332_cheatgame\v332_cheatgame.vcxproj", "{4AE449E1-92A6-4BEB-B510-EB5926A0B550}"
EndProject
Project("{8BC9CEB8-8B4A-11D0-8D11-00A0C91BC942}") = "v332_HelloSteering", "VGP332\v332_HelloSteering\v332_HelloSteering.vcxproj", "{5CF1B3C9-A983-4290-9385-868A0BA754B5}"
EndProject
Project("{8BC9CEB8-8B4A-11D0-8D11-00A0C91BC942}") = "Test_Animator_Physics", "Garbage\Test_Animator_Physics\Test_Animator_Physics.vcxproj", "{5857B864-CF01-46A5-B025-A577DC9409B8}"
EndProject
Project("{8BC9CEB8-8B4A-11D0-8D11-00A0C91BC942}") = "ShaderEffects", "Garbage\ShaderEffects\ShaderEffects.vcxproj", "{8A807B30-2F7F-40B5-89E6-7F2B8668A152}"
EndProject
Project("{8BC9CEB8-8B4A-11D0-8D11-00A0C91BC942}") = "VRec_PostProcess", "Garbage\VRec_PostProcess\VRec_PostProcess.vcxproj", "{F8623C47-87EE-4A47-91C0-4C6019D1685D}"
EndProject
Project("{8BC9CEB8-8B4A-11D0-8D11-00A0C91BC942}") = "Test_NewRenderer", "Garbage\Test_NewRenderer\Test_NewRenderer.vcxproj", "{C25B8D92-3145-4263-A137-A1DDBB2384E6}"
EndProject
Project("{8BC9CEB8-8B4A-11D0-8D11-00A0C91BC942}") = "test_reviewBone", "Garbage\test_reviewBone\test_reviewBone.vcxproj", "{D850A282-D362-4A2D-A84D-76209AED0FEA}"
EndProject
Global
	GlobalSection(SolutionConfigurationPlatforms) = preSolution
		Debug|x64 = Debug|x64
		Debug|x86 = Debug|x86
		Release|x64 = Release|x64
		Release|x86 = Release|x86
	EndGlobalSection
	GlobalSection(ProjectConfigurationPlatforms) = postSolution
		{E0B52AE7-E160-4D32-BF3F-910B785E5A8E}.Debug|x64.ActiveCfg = Debug|x64
		{E0B52AE7-E160-4D32-BF3F-910B785E5A8E}.Debug|x64.Build.0 = Debug|x64
		{E0B52AE7-E160-4D32-BF3F-910B785E5A8E}.Debug|x86.ActiveCfg = Debug|Win32
		{E0B52AE7-E160-4D32-BF3F-910B785E5A8E}.Debug|x86.Build.0 = Debug|Win32
		{E0B52AE7-E160-4D32-BF3F-910B785E5A8E}.Release|x64.ActiveCfg = Release|x64
		{E0B52AE7-E160-4D32-BF3F-910B785E5A8E}.Release|x64.Build.0 = Release|x64
		{E0B52AE7-E160-4D32-BF3F-910B785E5A8E}.Release|x86.ActiveCfg = Release|Win32
		{E0B52AE7-E160-4D32-BF3F-910B785E5A8E}.Release|x86.Build.0 = Release|Win32
		{4F150A30-CECB-49D1-8283-6A3F57438CF5}.Debug|x64.ActiveCfg = Debug|x64
		{4F150A30-CECB-49D1-8283-6A3F57438CF5}.Debug|x64.Build.0 = Debug|x64
		{4F150A30-CECB-49D1-8283-6A3F57438CF5}.Debug|x86.ActiveCfg = Debug|Win32
		{4F150A30-CECB-49D1-8283-6A3F57438CF5}.Debug|x86.Build.0 = Debug|Win32
		{4F150A30-CECB-49D1-8283-6A3F57438CF5}.Release|x64.ActiveCfg = Release|x64
		{4F150A30-CECB-49D1-8283-6A3F57438CF5}.Release|x64.Build.0 = Release|x64
		{4F150A30-CECB-49D1-8283-6A3F57438CF5}.Release|x86.ActiveCfg = Release|Win32
		{4F150A30-CECB-49D1-8283-6A3F57438CF5}.Release|x86.Build.0 = Release|Win32
		{EC01DA8D-7E82-4AD8-947E-E4D4EBEF6398}.Debug|x64.ActiveCfg = Debug|x64
		{EC01DA8D-7E82-4AD8-947E-E4D4EBEF6398}.Debug|x64.Build.0 = Debug|x64
		{EC01DA8D-7E82-4AD8-947E-E4D4EBEF6398}.Debug|x86.ActiveCfg = Debug|Win32
		{EC01DA8D-7E82-4AD8-947E-E4D4EBEF6398}.Debug|x86.Build.0 = Debug|Win32
		{EC01DA8D-7E82-4AD8-947E-E4D4EBEF6398}.Release|x64.ActiveCfg = Release|x64
		{EC01DA8D-7E82-4AD8-947E-E4D4EBEF6398}.Release|x64.Build.0 = Release|x64
		{EC01DA8D-7E82-4AD8-947E-E4D4EBEF6398}.Release|x86.ActiveCfg = Release|Win32
		{EC01DA8D-7E82-4AD8-947E-E4D4EBEF6398}.Release|x86.Build.0 = Release|Win32
		{2AE7667C-31B9-49D7-BCD0-6B4BA09701A6}.Debug|x64.ActiveCfg = Debug|x64
		{2AE7667C-31B9-49D7-BCD0-6B4BA09701A6}.Debug|x64.Build.0 = Debug|x64
		{2AE7667C-31B9-49D7-BCD0-6B4BA09701A6}.Debug|x86.ActiveCfg = Debug|Win32
		{2AE7667C-31B9-49D7-BCD0-6B4BA09701A6}.Debug|x86.Build.0 = Debug|Win32
		{2AE7667C-31B9-49D7-BCD0-6B4BA09701A6}.Release|x64.ActiveCfg = Release|x64
		{2AE7667C-31B9-49D7-BCD0-6B4BA09701A6}.Release|x64.Build.0 = Release|x64
		{2AE7667C-31B9-49D7-BCD0-6B4BA09701A6}.Release|x86.ActiveCfg = Release|Win32
		{2AE7667C-31B9-49D7-BCD0-6B4BA09701A6}.Release|x86.Build.0 = Release|Win32
		{DE7F6490-799B-4D71-94CE-83D9A0D1DCAE}.Debug|x64.ActiveCfg = Debug|x64
		{DE7F6490-799B-4D71-94CE-83D9A0D1DCAE}.Debug|x64.Build.0 = Debug|x64
		{DE7F6490-799B-4D71-94CE-83D9A0D1DCAE}.Debug|x86.ActiveCfg = Debug|Win32
		{DE7F6490-799B-4D71-94CE-83D9A0D1DCAE}.Debug|x86.Build.0 = Debug|Win32
		{DE7F6490-799B-4D71-94CE-83D9A0D1DCAE}.Release|x64.ActiveCfg = Release|x64
		{DE7F6490-799B-4D71-94CE-83D9A0D1DCAE}.Release|x64.Build.0 = Release|x64
		{DE7F6490-799B-4D71-94CE-83D9A0D1DCAE}.Release|x86.ActiveCfg = Release|Win32
		{DE7F6490-799B-4D71-94CE-83D9A0D1DCAE}.Release|x86.Build.0 = Release|Win32
		{7F490436-FD60-4E3C-8E02-2C33BB1B4E45}.Debug|x64.ActiveCfg = Debug|x64
		{7F490436-FD60-4E3C-8E02-2C33BB1B4E45}.Debug|x64.Build.0 = Debug|x64
		{7F490436-FD60-4E3C-8E02-2C33BB1B4E45}.Debug|x86.ActiveCfg = Debug|Win32
		{7F490436-FD60-4E3C-8E02-2C33BB1B4E45}.Debug|x86.Build.0 = Debug|Win32
		{7F490436-FD60-4E3C-8E02-2C33BB1B4E45}.Release|x64.ActiveCfg = Release|x64
		{7F490436-FD60-4E3C-8E02-2C33BB1B4E45}.Release|x64.Build.0 = Release|x64
		{7F490436-FD60-4E3C-8E02-2C33BB1B4E45}.Release|x86.ActiveCfg = Release|Win32
		{7F490436-FD60-4E3C-8E02-2C33BB1B4E45}.Release|x86.Build.0 = Release|Win32
		{CB38B3CD-8222-46CA-8635-AF6C11DEB66F}.Debug|x64.ActiveCfg = Debug|x64
		{CB38B3CD-8222-46CA-8635-AF6C11DEB66F}.Debug|x64.Build.0 = Debug|x64
		{CB38B3CD-8222-46CA-8635-AF6C11DEB66F}.Debug|x86.ActiveCfg = Debug|Win32
		{CB38B3CD-8222-46CA-8635-AF6C11DEB66F}.Debug|x86.Build.0 = Debug|Win32
		{CB38B3CD-8222-46CA-8635-AF6C11DEB66F}.Release|x64.ActiveCfg = Release|x64
		{CB38B3CD-8222-46CA-8635-AF6C11DEB66F}.Release|x64.Build.0 = Release|x64
		{CB38B3CD-8222-46CA-8635-AF6C11DEB66F}.Release|x86.ActiveCfg = Release|Win32
		{CB38B3CD-8222-46CA-8635-AF6C11DEB66F}.Release|x86.Build.0 = Release|Win32
		{D1A997A6-1A07-4EE5-9934-FDCB8FFEC4BA}.Debug|x64.ActiveCfg = Debug|x64
		{D1A997A6-1A07-4EE5-9934-FDCB8FFEC4BA}.Debug|x64.Build.0 = Debug|x64
		{D1A997A6-1A07-4EE5-9934-FDCB8FFEC4BA}.Debug|x86.ActiveCfg = Debug|Win32
		{D1A997A6-1A07-4EE5-9934-FDCB8FFEC4BA}.Debug|x86.Build.0 = Debug|Win32
		{D1A997A6-1A07-4EE5-9934-FDCB8FFEC4BA}.Release|x64.ActiveCfg = Release|x64
		{D1A997A6-1A07-4EE5-9934-FDCB8FFEC4BA}.Release|x64.Build.0 = Release|x64
		{D1A997A6-1A07-4EE5-9934-FDCB8FFEC4BA}.Release|x86.ActiveCfg = Release|Win32
		{D1A997A6-1A07-4EE5-9934-FDCB8FFEC4BA}.Release|x86.Build.0 = Release|Win32
		{02DC0CE5-72DF-4F89-8AF2-FF9C0E351A1A}.Debug|x64.ActiveCfg = Debug|x64
		{02DC0CE5-72DF-4F89-8AF2-FF9C0E351A1A}.Debug|x64.Build.0 = Debug|x64
		{02DC0CE5-72DF-4F89-8AF2-FF9C0E351A1A}.Debug|x86.ActiveCfg = Debug|Win32
		{02DC0CE5-72DF-4F89-8AF2-FF9C0E351A1A}.Debug|x86.Build.0 = Debug|Win32
		{02DC0CE5-72DF-4F89-8AF2-FF9C0E351A1A}.Release|x64.ActiveCfg = Release|x64
		{02DC0CE5-72DF-4F89-8AF2-FF9C0E351A1A}.Release|x64.Build.0 = Release|x64
		{02DC0CE5-72DF-4F89-8AF2-FF9C0E351A1A}.Release|x86.ActiveCfg = Release|Win32
		{02DC0CE5-72DF-4F89-8AF2-FF9C0E351A1A}.Release|x86.Build.0 = Release|Win32
		{A2B5C8C6-F46D-4846-91A6-C20B6225BB66}.Debug|x64.ActiveCfg = Debug|x64
		{A2B5C8C6-F46D-4846-91A6-C20B6225BB66}.Debug|x64.Build.0 = Debug|x64
		{A2B5C8C6-F46D-4846-91A6-C20B6225BB66}.Debug|x86.ActiveCfg = Debug|Win32
		{A2B5C8C6-F46D-4846-91A6-C20B6225BB66}.Debug|x86.Build.0 = Debug|Win32
		{A2B5C8C6-F46D-4846-91A6-C20B6225BB66}.Release|x64.ActiveCfg = Release|x64
		{A2B5C8C6-F46D-4846-91A6-C20B6225BB66}.Release|x64.Build.0 = Release|x64
		{A2B5C8C6-F46D-4846-91A6-C20B6225BB66}.Release|x86.ActiveCfg = Release|Win32
		{A2B5C8C6-F46D-4846-91A6-C20B6225BB66}.Release|x86.Build.0 = Release|Win32
		{53FDEAE7-60EB-45BA-8BE4-445FC0C4267F}.Debug|x64.ActiveCfg = Debug|x64
		{53FDEAE7-60EB-45BA-8BE4-445FC0C4267F}.Debug|x64.Build.0 = Debug|x64
		{53FDEAE7-60EB-45BA-8BE4-445FC0C4267F}.Debug|x86.ActiveCfg = Debug|Win32
		{53FDEAE7-60EB-45BA-8BE4-445FC0C4267F}.Debug|x86.Build.0 = Debug|Win32
		{53FDEAE7-60EB-45BA-8BE4-445FC0C4267F}.Release|x64.ActiveCfg = Release|x64
		{53FDEAE7-60EB-45BA-8BE4-445FC0C4267F}.Release|x64.Build.0 = Release|x64
		{53FDEAE7-60EB-45BA-8BE4-445FC0C4267F}.Release|x86.ActiveCfg = Release|Win32
		{53FDEAE7-60EB-45BA-8BE4-445FC0C4267F}.Release|x86.Build.0 = Release|Win32
		{EA7AB158-BEB4-48A7-84A8-6FADD4A5230B}.Debug|x64.ActiveCfg = Debug|x64
		{EA7AB158-BEB4-48A7-84A8-6FADD4A5230B}.Debug|x64.Build.0 = Debug|x64
		{EA7AB158-BEB4-48A7-84A8-6FADD4A5230B}.Debug|x86.ActiveCfg = Debug|Win32
		{EA7AB158-BEB4-48A7-84A8-6FADD4A5230B}.Debug|x86.Build.0 = Debug|Win32
		{EA7AB158-BEB4-48A7-84A8-6FADD4A5230B}.Release|x64.ActiveCfg = Release|x64
		{EA7AB158-BEB4-48A7-84A8-6FADD4A5230B}.Release|x64.Build.0 = Release|x64
		{EA7AB158-BEB4-48A7-84A8-6FADD4A5230B}.Release|x86.ActiveCfg = Release|Win32
		{EA7AB158-BEB4-48A7-84A8-6FADD4A5230B}.Release|x86.Build.0 = Release|Win32
		{DCD9B7BD-FA60-4A06-B0DA-3A3EEF3A3DFF}.Debug|x64.ActiveCfg = Debug|x64
		{DCD9B7BD-FA60-4A06-B0DA-3A3EEF3A3DFF}.Debug|x64.Build.0 = Debug|x64
		{DCD9B7BD-FA60-4A06-B0DA-3A3EEF3A3DFF}.Debug|x86.ActiveCfg = Debug|Win32
		{DCD9B7BD-FA60-4A06-B0DA-3A3EEF3A3DFF}.Debug|x86.Build.0 = Debug|Win32
		{DCD9B7BD-FA60-4A06-B0DA-3A3EEF3A3DFF}.Release|x64.ActiveCfg = Release|x64
		{DCD9B7BD-FA60-4A06-B0DA-3A3EEF3A3DFF}.Release|x64.Build.0 = Release|x64
		{DCD9B7BD-FA60-4A06-B0DA-3A3EEF3A3DFF}.Release|x86.ActiveCfg = Release|Win32
		{DCD9B7BD-FA60-4A06-B0DA-3A3EEF3A3DFF}.Release|x86.Build.0 = Release|Win32
		{6E1478F5-9764-450E-99F8-9D29F28F758E}.Debug|x64.ActiveCfg = Debug|x64
		{6E1478F5-9764-450E-99F8-9D29F28F758E}.Debug|x64.Build.0 = Debug|x64
		{6E1478F5-9764-450E-99F8-9D29F28F758E}.Debug|x86.ActiveCfg = Debug|Win32
		{6E1478F5-9764-450E-99F8-9D29F28F758E}.Debug|x86.Build.0 = Debug|Win32
		{6E1478F5-9764-450E-99F8-9D29F28F758E}.Release|x64.ActiveCfg = Release|x64
		{6E1478F5-9764-450E-99F8-9D29F28F758E}.Release|x64.Build.0 = Release|x64
		{6E1478F5-9764-450E-99F8-9D29F28F758E}.Release|x86.ActiveCfg = Release|Win32
		{6E1478F5-9764-450E-99F8-9D29F28F758E}.Release|x86.Build.0 = Release|Win32
		{F6937482-E6D1-4D0E-927D-DCC16E5FE75C}.Debug|x64.ActiveCfg = Debug|x64
		{F6937482-E6D1-4D0E-927D-DCC16E5FE75C}.Debug|x64.Build.0 = Debug|x64
		{F6937482-E6D1-4D0E-927D-DCC16E5FE75C}.Debug|x86.ActiveCfg = Debug|Win32
		{F6937482-E6D1-4D0E-927D-DCC16E5FE75C}.Debug|x86.Build.0 = Debug|Win32
		{F6937482-E6D1-4D0E-927D-DCC16E5FE75C}.Release|x64.ActiveCfg = Release|x64
		{F6937482-E6D1-4D0E-927D-DCC16E5FE75C}.Release|x64.Build.0 = Release|x64
		{F6937482-E6D1-4D0E-927D-DCC16E5FE75C}.Release|x86.ActiveCfg = Release|Win32
		{F6937482-E6D1-4D0E-927D-DCC16E5FE75C}.Release|x86.Build.0 = Release|Win32
		{00EC09C1-98F3-4D91-8717-6125471E394C}.Debug|x64.ActiveCfg = Debug|x64
		{00EC09C1-98F3-4D91-8717-6125471E394C}.Debug|x64.Build.0 = Debug|x64
		{00EC09C1-98F3-4D91-8717-6125471E394C}.Debug|x86.ActiveCfg = Debug|Win32
		{00EC09C1-98F3-4D91-8717-6125471E394C}.Debug|x86.Build.0 = Debug|Win32
		{00EC09C1-98F3-4D91-8717-6125471E394C}.Release|x64.ActiveCfg = Release|x64
		{00EC09C1-98F3-4D91-8717-6125471E394C}.Release|x64.Build.0 = Release|x64
		{00EC09C1-98F3-4D91-8717-6125471E394C}.Release|x86.ActiveCfg = Release|Win32
		{00EC09C1-98F3-4D91-8717-6125471E394C}.Release|x86.Build.0 = Release|Win32
		{12FF3FD7-FD0B-44C1-B243-287CCC82174E}.Debug|x64.ActiveCfg = Debug|x64
		{12FF3FD7-FD0B-44C1-B243-287CCC82174E}.Debug|x64.Build.0 = Debug|x64
		{12FF3FD7-FD0B-44C1-B243-287CCC82174E}.Debug|x86.ActiveCfg = Debug|Win32
		{12FF3FD7-FD0B-44C1-B243-287CCC82174E}.Debug|x86.Build.0 = Debug|Win32
		{12FF3FD7-FD0B-44C1-B243-287CCC82174E}.Release|x64.ActiveCfg = Release|x64
		{12FF3FD7-FD0B-44C1-B243-287CCC82174E}.Release|x64.Build.0 = Release|x64
		{12FF3FD7-FD0B-44C1-B243-287CCC82174E}.Release|x86.ActiveCfg = Release|Win32
		{12FF3FD7-FD0B-44C1-B243-287CCC82174E}.Release|x86.Build.0 = Release|Win32
		{D46F9225-9BA3-4829-BE39-60A645222F13}.Debug|x64.ActiveCfg = Debug|x64
		{D46F9225-9BA3-4829-BE39-60A645222F13}.Debug|x64.Build.0 = Debug|x64
		{D46F9225-9BA3-4829-BE39-60A645222F13}.Debug|x86.ActiveCfg = Debug|Win32
		{D46F9225-9BA3-4829-BE39-60A645222F13}.Debug|x86.Build.0 = Debug|Win32
		{D46F9225-9BA3-4829-BE39-60A645222F13}.Release|x64.ActiveCfg = Release|x64
		{D46F9225-9BA3-4829-BE39-60A645222F13}.Release|x64.Build.0 = Release|x64
		{D46F9225-9BA3-4829-BE39-60A645222F13}.Release|x86.ActiveCfg = Release|Win32
		{D46F9225-9BA3-4829-BE39-60A645222F13}.Release|x86.Build.0 = Release|Win32
		{E808D1B3-6EC6-4744-BD25-8D8028F49A80}.Debug|x64.ActiveCfg = Debug|x64
		{E808D1B3-6EC6-4744-BD25-8D8028F49A80}.Debug|x64.Build.0 = Debug|x64
		{E808D1B3-6EC6-4744-BD25-8D8028F49A80}.Debug|x86.ActiveCfg = Debug|Win32
		{E808D1B3-6EC6-4744-BD25-8D8028F49A80}.Debug|x86.Build.0 = Debug|Win32
		{E808D1B3-6EC6-4744-BD25-8D8028F49A80}.Release|x64.ActiveCfg = Release|x64
		{E808D1B3-6EC6-4744-BD25-8D8028F49A80}.Release|x64.Build.0 = Release|x64
		{E808D1B3-6EC6-4744-BD25-8D8028F49A80}.Release|x86.ActiveCfg = Release|Win32
		{E808D1B3-6EC6-4744-BD25-8D8028F49A80}.Release|x86.Build.0 = Release|Win32
		{036CEB11-1B75-4666-B0AB-1FCD76E8379A}.Debug|x64.ActiveCfg = Debug|x64
		{036CEB11-1B75-4666-B0AB-1FCD76E8379A}.Debug|x64.Build.0 = Debug|x64
		{036CEB11-1B75-4666-B0AB-1FCD76E8379A}.Debug|x86.ActiveCfg = Debug|Win32
		{036CEB11-1B75-4666-B0AB-1FCD76E8379A}.Debug|x86.Build.0 = Debug|Win32
		{036CEB11-1B75-4666-B0AB-1FCD76E8379A}.Release|x64.ActiveCfg = Release|x64
		{036CEB11-1B75-4666-B0AB-1FCD76E8379A}.Release|x64.Build.0 = Release|x64
		{036CEB11-1B75-4666-B0AB-1FCD76E8379A}.Release|x86.ActiveCfg = Release|Win32
		{036CEB11-1B75-4666-B0AB-1FCD76E8379A}.Release|x86.Build.0 = Release|Win32
		{383D3D5B-A0F7-4475-A622-EB8EBD36972A}.Debug|x64.ActiveCfg = Debug|x64
		{383D3D5B-A0F7-4475-A622-EB8EBD36972A}.Debug|x64.Build.0 = Debug|x64
		{383D3D5B-A0F7-4475-A622-EB8EBD36972A}.Debug|x86.ActiveCfg = Debug|Win32
		{383D3D5B-A0F7-4475-A622-EB8EBD36972A}.Debug|x86.Build.0 = Debug|Win32
		{383D3D5B-A0F7-4475-A622-EB8EBD36972A}.Release|x64.ActiveCfg = Release|x64
		{383D3D5B-A0F7-4475-A622-EB8EBD36972A}.Release|x64.Build.0 = Release|x64
		{383D3D5B-A0F7-4475-A622-EB8EBD36972A}.Release|x86.ActiveCfg = Release|Win32
		{383D3D5B-A0F7-4475-A622-EB8EBD36972A}.Release|x86.Build.0 = Release|Win32
		{B27757B2-5378-479C-BFEA-2C0E7B694E40}.Debug|x64.ActiveCfg = Debug|x64
		{B27757B2-5378-479C-BFEA-2C0E7B694E40}.Debug|x64.Build.0 = Debug|x64
		{B27757B2-5378-479C-BFEA-2C0E7B694E40}.Debug|x86.ActiveCfg = Debug|Win32
		{B27757B2-5378-479C-BFEA-2C0E7B694E40}.Debug|x86.Build.0 = Debug|Win32
		{B27757B2-5378-479C-BFEA-2C0E7B694E40}.Release|x64.ActiveCfg = Release|x64
		{B27757B2-5378-479C-BFEA-2C0E7B694E40}.Release|x64.Build.0 = Release|x64
		{B27757B2-5378-479C-BFEA-2C0E7B694E40}.Release|x86.ActiveCfg = Release|Win32
		{B27757B2-5378-479C-BFEA-2C0E7B694E40}.Release|x86.Build.0 = Release|Win32
		{F15199FF-AB72-4E6C-8E17-E1EC99DEFFD8}.Debug|x64.ActiveCfg = Debug|x64
		{F15199FF-AB72-4E6C-8E17-E1EC99DEFFD8}.Debug|x64.Build.0 = Debug|x64
		{F15199FF-AB72-4E6C-8E17-E1EC99DEFFD8}.Debug|x86.ActiveCfg = Debug|Win32
		{F15199FF-AB72-4E6C-8E17-E1EC99DEFFD8}.Debug|x86.Build.0 = Debug|Win32
		{F15199FF-AB72-4E6C-8E17-E1EC99DEFFD8}.Release|x64.ActiveCfg = Release|x64
		{F15199FF-AB72-4E6C-8E17-E1EC99DEFFD8}.Release|x64.Build.0 = Release|x64
		{F15199FF-AB72-4E6C-8E17-E1EC99DEFFD8}.Release|x86.ActiveCfg = Release|Win32
		{F15199FF-AB72-4E6C-8E17-E1EC99DEFFD8}.Release|x86.Build.0 = Release|Win32
		{9A254EFD-7190-411D-877D-8B3E7B4EF9CD}.Debug|x64.ActiveCfg = Debug|x64
		{9A254EFD-7190-411D-877D-8B3E7B4EF9CD}.Debug|x64.Build.0 = Debug|x64
		{9A254EFD-7190-411D-877D-8B3E7B4EF9CD}.Debug|x86.ActiveCfg = Debug|Win32
		{9A254EFD-7190-411D-877D-8B3E7B4EF9CD}.Debug|x86.Build.0 = Debug|Win32
		{9A254EFD-7190-411D-877D-8B3E7B4EF9CD}.Release|x64.ActiveCfg = Release|x64
		{9A254EFD-7190-411D-877D-8B3E7B4EF9CD}.Release|x64.Build.0 = Release|x64
		{9A254EFD-7190-411D-877D-8B3E7B4EF9CD}.Release|x86.ActiveCfg = Release|Win32
		{9A254EFD-7190-411D-877D-8B3E7B4EF9CD}.Release|x86.Build.0 = Release|Win32
		{9E0FF147-B7DE-42CB-85D9-87C7C615C376}.Debug|x64.ActiveCfg = Debug|x64
		{9E0FF147-B7DE-42CB-85D9-87C7C615C376}.Debug|x64.Build.0 = Debug|x64
		{9E0FF147-B7DE-42CB-85D9-87C7C615C376}.Debug|x86.ActiveCfg = Debug|Win32
		{9E0FF147-B7DE-42CB-85D9-87C7C615C376}.Debug|x86.Build.0 = Debug|Win32
		{9E0FF147-B7DE-42CB-85D9-87C7C615C376}.Release|x64.ActiveCfg = Release|x64
		{9E0FF147-B7DE-42CB-85D9-87C7C615C376}.Release|x64.Build.0 = Release|x64
		{9E0FF147-B7DE-42CB-85D9-87C7C615C376}.Release|x86.ActiveCfg = Release|Win32
		{9E0FF147-B7DE-42CB-85D9-87C7C615C376}.Release|x86.Build.0 = Release|Win32
		{34A6F268-94F5-4CDA-81F7-DD663E26A5D9}.Debug|x64.ActiveCfg = Debug|x64
		{34A6F268-94F5-4CDA-81F7-DD663E26A5D9}.Debug|x64.Build.0 = Debug|x64
		{34A6F268-94F5-4CDA-81F7-DD663E26A5D9}.Debug|x86.ActiveCfg = Debug|Win32
		{34A6F268-94F5-4CDA-81F7-DD663E26A5D9}.Debug|x86.Build.0 = Debug|Win32
		{34A6F268-94F5-4CDA-81F7-DD663E26A5D9}.Release|x64.ActiveCfg = Release|x64
		{34A6F268-94F5-4CDA-81F7-DD663E26A5D9}.Release|x64.Build.0 = Release|x64
		{34A6F268-94F5-4CDA-81F7-DD663E26A5D9}.Release|x86.ActiveCfg = Release|Win32
		{34A6F268-94F5-4CDA-81F7-DD663E26A5D9}.Release|x86.Build.0 = Release|Win32
		{017F5D6E-1992-4113-AE4A-2F19036B1596}.Debug|x64.ActiveCfg = Debug|x64
		{017F5D6E-1992-4113-AE4A-2F19036B1596}.Debug|x64.Build.0 = Debug|x64
		{017F5D6E-1992-4113-AE4A-2F19036B1596}.Debug|x86.ActiveCfg = Debug|Win32
		{017F5D6E-1992-4113-AE4A-2F19036B1596}.Debug|x86.Build.0 = Debug|Win32
		{017F5D6E-1992-4113-AE4A-2F19036B1596}.Release|x64.ActiveCfg = Release|x64
		{017F5D6E-1992-4113-AE4A-2F19036B1596}.Release|x64.Build.0 = Release|x64
		{017F5D6E-1992-4113-AE4A-2F19036B1596}.Release|x86.ActiveCfg = Release|Win32
		{017F5D6E-1992-4113-AE4A-2F19036B1596}.Release|x86.Build.0 = Release|Win32
		{4E96784C-18CD-495A-8B1D-5AB101059847}.Debug|x64.ActiveCfg = Debug|x64
		{4E96784C-18CD-495A-8B1D-5AB101059847}.Debug|x64.Build.0 = Debug|x64
		{4E96784C-18CD-495A-8B1D-5AB101059847}.Debug|x86.ActiveCfg = Debug|Win32
		{4E96784C-18CD-495A-8B1D-5AB101059847}.Debug|x86.Build.0 = Debug|Win32
		{4E96784C-18CD-495A-8B1D-5AB101059847}.Release|x64.ActiveCfg = Release|x64
		{4E96784C-18CD-495A-8B1D-5AB101059847}.Release|x64.Build.0 = Release|x64
		{4E96784C-18CD-495A-8B1D-5AB101059847}.Release|x86.ActiveCfg = Release|Win32
		{4E96784C-18CD-495A-8B1D-5AB101059847}.Release|x86.Build.0 = Release|Win32
		{56D053F6-87CE-4F58-89FC-EBC1594C01C2}.Debug|x64.ActiveCfg = Debug|x64
		{56D053F6-87CE-4F58-89FC-EBC1594C01C2}.Debug|x64.Build.0 = Debug|x64
		{56D053F6-87CE-4F58-89FC-EBC1594C01C2}.Debug|x86.ActiveCfg = Debug|Win32
		{56D053F6-87CE-4F58-89FC-EBC1594C01C2}.Debug|x86.Build.0 = Debug|Win32
		{56D053F6-87CE-4F58-89FC-EBC1594C01C2}.Release|x64.ActiveCfg = Release|x64
		{56D053F6-87CE-4F58-89FC-EBC1594C01C2}.Release|x64.Build.0 = Release|x64
		{56D053F6-87CE-4F58-89FC-EBC1594C01C2}.Release|x86.ActiveCfg = Release|Win32
		{56D053F6-87CE-4F58-89FC-EBC1594C01C2}.Release|x86.Build.0 = Release|Win32
		{7AF4B476-904E-4B75-A202-E978DF45E49C}.Debug|x64.ActiveCfg = Debug|x64
		{7AF4B476-904E-4B75-A202-E978DF45E49C}.Debug|x64.Build.0 = Debug|x64
		{7AF4B476-904E-4B75-A202-E978DF45E49C}.Debug|x86.ActiveCfg = Debug|Win32
		{7AF4B476-904E-4B75-A202-E978DF45E49C}.Debug|x86.Build.0 = Debug|Win32
		{7AF4B476-904E-4B75-A202-E978DF45E49C}.Release|x64.ActiveCfg = Release|x64
		{7AF4B476-904E-4B75-A202-E978DF45E49C}.Release|x64.Build.0 = Release|x64
		{7AF4B476-904E-4B75-A202-E978DF45E49C}.Release|x86.ActiveCfg = Release|Win32
		{7AF4B476-904E-4B75-A202-E978DF45E49C}.Release|x86.Build.0 = Release|Win32
		{6B64B27E-1A1F-40BB-AC36-95C62429276E}.Debug|x64.ActiveCfg = Debug|x64
		{6B64B27E-1A1F-40BB-AC36-95C62429276E}.Debug|x64.Build.0 = Debug|x64
		{6B64B27E-1A1F-40BB-AC36-95C62429276E}.Debug|x86.ActiveCfg = Debug|Win32
		{6B64B27E-1A1F-40BB-AC36-95C62429276E}.Debug|x86.Build.0 = Debug|Win32
		{6B64B27E-1A1F-40BB-AC36-95C62429276E}.Release|x64.ActiveCfg = Release|x64
		{6B64B27E-1A1F-40BB-AC36-95C62429276E}.Release|x64.Build.0 = Release|x64
		{6B64B27E-1A1F-40BB-AC36-95C62429276E}.Release|x86.ActiveCfg = Release|Win32
		{6B64B27E-1A1F-40BB-AC36-95C62429276E}.Release|x86.Build.0 = Release|Win32
		{1C8AF160-DC37-49EF-830F-092C9100E366}.Debug|x64.ActiveCfg = Debug|x64
		{1C8AF160-DC37-49EF-830F-092C9100E366}.Debug|x64.Build.0 = Debug|x64
		{1C8AF160-DC37-49EF-830F-092C9100E366}.Debug|x86.ActiveCfg = Debug|Win32
		{1C8AF160-DC37-49EF-830F-092C9100E366}.Debug|x86.Build.0 = Debug|Win32
		{1C8AF160-DC37-49EF-830F-092C9100E366}.Release|x64.ActiveCfg = Release|x64
		{1C8AF160-DC37-49EF-830F-092C9100E366}.Release|x64.Build.0 = Release|x64
		{1C8AF160-DC37-49EF-830F-092C9100E366}.Release|x86.ActiveCfg = Release|Win32
		{1C8AF160-DC37-49EF-830F-092C9100E366}.Release|x86.Build.0 = Release|Win32
		{668CD6FF-4FED-451C-AD0D-FE6B89AD39A2}.Debug|x64.ActiveCfg = Debug|x64
		{668CD6FF-4FED-451C-AD0D-FE6B89AD39A2}.Debug|x64.Build.0 = Debug|x64
		{668CD6FF-4FED-451C-AD0D-FE6B89AD39A2}.Debug|x86.ActiveCfg = Debug|Win32
		{668CD6FF-4FED-451C-AD0D-FE6B89AD39A2}.Debug|x86.Build.0 = Debug|Win32
		{668CD6FF-4FED-451C-AD0D-FE6B89AD39A2}.Release|x64.ActiveCfg = Release|x64
		{668CD6FF-4FED-451C-AD0D-FE6B89AD39A2}.Release|x64.Build.0 = Release|x64
		{668CD6FF-4FED-451C-AD0D-FE6B89AD39A2}.Release|x86.ActiveCfg = Release|Win32
		{668CD6FF-4FED-451C-AD0D-FE6B89AD39A2}.Release|x86.Build.0 = Release|Win32
		{4AE449E1-92A6-4BEB-B510-EB5926A0B550}.Debug|x64.ActiveCfg = Debug|x64
		{4AE449E1-92A6-4BEB-B510-EB5926A0B550}.Debug|x64.Build.0 = Debug|x64
		{4AE449E1-92A6-4BEB-B510-EB5926A0B550}.Debug|x86.ActiveCfg = Debug|Win32
		{4AE449E1-92A6-4BEB-B510-EB5926A0B550}.Debug|x86.Build.0 = Debug|Win32
		{4AE449E1-92A6-4BEB-B510-EB5926A0B550}.Release|x64.ActiveCfg = Release|x64
		{4AE449E1-92A6-4BEB-B510-EB5926A0B550}.Release|x64.Build.0 = Release|x64
		{4AE449E1-92A6-4BEB-B510-EB5926A0B550}.Release|x86.ActiveCfg = Release|Win32
		{4AE449E1-92A6-4BEB-B510-EB5926A0B550}.Release|x86.Build.0 = Release|Win32
		{5CF1B3C9-A983-4290-9385-868A0BA754B5}.Debug|x64.ActiveCfg = Debug|x64
		{5CF1B3C9-A983-4290-9385-868A0BA754B5}.Debug|x64.Build.0 = Debug|x64
		{5CF1B3C9-A983-4290-9385-868A0BA754B5}.Debug|x86.ActiveCfg = Debug|Win32
		{5CF1B3C9-A983-4290-9385-868A0BA754B5}.Debug|x86.Build.0 = Debug|Win32
		{5CF1B3C9-A983-4290-9385-868A0BA754B5}.Release|x64.ActiveCfg = Release|x64
		{5CF1B3C9-A983-4290-9385-868A0BA754B5}.Release|x64.Build.0 = Release|x64
		{5CF1B3C9-A983-4290-9385-868A0BA754B5}.Release|x86.ActiveCfg = Release|Win32
		{5CF1B3C9-A983-4290-9385-868A0BA754B5}.Release|x86.Build.0 = Release|Win32
		{5857B864-CF01-46A5-B025-A577DC9409B8}.Debug|x64.ActiveCfg = Debug|x64
		{5857B864-CF01-46A5-B025-A577DC9409B8}.Debug|x64.Build.0 = Debug|x64
		{5857B864-CF01-46A5-B025-A577DC9409B8}.Debug|x86.ActiveCfg = Debug|Win32
		{5857B864-CF01-46A5-B025-A577DC9409B8}.Debug|x86.Build.0 = Debug|Win32
		{5857B864-CF01-46A5-B025-A577DC9409B8}.Release|x64.ActiveCfg = Release|x64
		{5857B864-CF01-46A5-B025-A577DC9409B8}.Release|x64.Build.0 = Release|x64
		{5857B864-CF01-46A5-B025-A577DC9409B8}.Release|x86.ActiveCfg = Release|Win32
		{5857B864-CF01-46A5-B025-A577DC9409B8}.Release|x86.Build.0 = Release|Win32
		{8A807B30-2F7F-40B5-89E6-7F2B8668A152}.Debug|x64.ActiveCfg = Debug|x64
		{8A807B30-2F7F-40B5-89E6-7F2B8668A152}.Debug|x64.Build.0 = Debug|x64
		{8A807B30-2F7F-40B5-89E6-7F2B8668A152}.Debug|x86.ActiveCfg = Debug|Win32
		{8A807B30-2F7F-40B5-89E6-7F2B8668A152}.Debug|x86.Build.0 = Debug|Win32
		{8A807B30-2F7F-40B5-89E6-7F2B8668A152}.Release|x64.ActiveCfg = Release|x64
		{8A807B30-2F7F-40B5-89E6-7F2B8668A152}.Release|x64.Build.0 = Release|x64
		{8A807B30-2F7F-40B5-89E6-7F2B8668A152}.Release|x86.ActiveCfg = Release|Win32
		{8A807B30-2F7F-40B5-89E6-7F2B8668A152}.Release|x86.Build.0 = Release|Win32
		{F8623C47-87EE-4A47-91C0-4C6019D1685D}.Debug|x64.ActiveCfg = Debug|x64
		{F8623C47-87EE-4A47-91C0-4C6019D1685D}.Debug|x64.Build.0 = Debug|x64
		{F8623C47-87EE-4A47-91C0-4C6019D1685D}.Debug|x86.ActiveCfg = Debug|Win32
		{F8623C47-87EE-4A47-91C0-4C6019D1685D}.Debug|x86.Build.0 = Debug|Win32
		{F8623C47-87EE-4A47-91C0-4C6019D1685D}.Release|x64.ActiveCfg = Release|x64
		{F8623C47-87EE-4A47-91C0-4C6019D1685D}.Release|x64.Build.0 = Release|x64
		{F8623C47-87EE-4A47-91C0-4C6019D1685D}.Release|x86.ActiveCfg = Release|Win32
		{F8623C47-87EE-4A47-91C0-4C6019D1685D}.Release|x86.Build.0 = Release|Win32
		{C25B8D92-3145-4263-A137-A1DDBB2384E6}.Debug|x64.ActiveCfg = Debug|x64
		{C25B8D92-3145-4263-A137-A1DDBB2384E6}.Debug|x64.Build.0 = Debug|x64
		{C25B8D92-3145-4263-A137-A1DDBB2384E6}.Debug|x86.ActiveCfg = Debug|Win32
		{C25B8D92-3145-4263-A137-A1DDBB2384E6}.Debug|x86.Build.0 = Debug|Win32
		{C25B8D92-3145-4263-A137-A1DDBB2384E6}.Release|x64.ActiveCfg = Release|x64
		{C25B8D92-3145-4263-A137-A1DDBB2384E6}.Release|x64.Build.0 = Release|x64
		{C25B8D92-3145-4263-A137-A1DDBB2384E6}.Release|x86.ActiveCfg = Release|Win32
		{C25B8D92-3145-4263-A137-A1DDBB2384E6}.Release|x86.Build.0 = Release|Win32
		{D850A282-D362-4A2D-A84D-76209AED0FEA}.Debug|x64.ActiveCfg = Debug|x64
		{D850A282-D362-4A2D-A84D-76209AED0FEA}.Debug|x64.Build.0 = Debug|x64
		{D850A282-D362-4A2D-A84D-76209AED0FEA}.Debug|x86.ActiveCfg = Debug|Win32
		{D850A282-D362-4A2D-A84D-76209AED0FEA}.Debug|x86.Build.0 = Debug|Win32
		{D850A282-D362-4A2D-A84D-76209AED0FEA}.Release|x64.ActiveCfg = Release|x64
		{D850A282-D362-4A2D-A84D-76209AED0FEA}.Release|x64.Build.0 = Release|x64
		{D850A282-D362-4A2D-A84D-76209AED0FEA}.Release|x86.ActiveCfg = Release|Win32
		{D850A282-D362-4A2D-A84D-76209AED0FEA}.Release|x86.Build.0 = Release|Win32
	EndGlobalSection
	GlobalSection(SolutionProperties) = preSolution
		HideSolutionNode = FALSE
	EndGlobalSection
	GlobalSection(NestedProjects) = preSolution
		{AFF9D9AD-9226-43DE-99B9-A81C6AA9E4BC} = {2A9EC74E-0C11-4553-82FA-D2A5198A4C12}
		{E0B52AE7-E160-4D32-BF3F-910B785E5A8E} = {7BD991C7-FF6A-4D4C-BDA1-94B84D12BA1E}
		{4F150A30-CECB-49D1-8283-6A3F57438CF5} = {7BD991C7-FF6A-4D4C-BDA1-94B84D12BA1E}
		{EC01DA8D-7E82-4AD8-947E-E4D4EBEF6398} = {7BD991C7-FF6A-4D4C-BDA1-94B84D12BA1E}
		{2AE7667C-31B9-49D7-BCD0-6B4BA09701A6} = {9F0C13DD-B9AC-4E81-8110-03F75A56744E}
		{DE7F6490-799B-4D71-94CE-83D9A0D1DCAE} = {FFAD26B4-AAF5-41B4-BD20-E83484557D68}
		{7F490436-FD60-4E3C-8E02-2C33BB1B4E45} = {7011D9EB-BF54-4747-8E8E-B7BD45C703A9}
		{CB38B3CD-8222-46CA-8635-AF6C11DEB66F} = {7011D9EB-BF54-4747-8E8E-B7BD45C703A9}
		{D1A997A6-1A07-4EE5-9934-FDCB8FFEC4BA} = {7011D9EB-BF54-4747-8E8E-B7BD45C703A9}
		{02DC0CE5-72DF-4F89-8AF2-FF9C0E351A1A} = {7011D9EB-BF54-4747-8E8E-B7BD45C703A9}
		{A2B5C8C6-F46D-4846-91A6-C20B6225BB66} = {7011D9EB-BF54-4747-8E8E-B7BD45C703A9}
		{53FDEAE7-60EB-45BA-8BE4-445FC0C4267F} = {220DE2E9-1DD6-4F1C-AEC4-B8A1B8DB83D7}
		{EA7AB158-BEB4-48A7-84A8-6FADD4A5230B} = {220DE2E9-1DD6-4F1C-AEC4-B8A1B8DB83D7}
		{DCD9B7BD-FA60-4A06-B0DA-3A3EEF3A3DFF} = {BFC78D56-8EC7-42F3-B20F-F85E51EAF0E1}
		{6E1478F5-9764-450E-99F8-9D29F28F758E} = {BFC78D56-8EC7-42F3-B20F-F85E51EAF0E1}
		{F6937482-E6D1-4D0E-927D-DCC16E5FE75C} = {BFC78D56-8EC7-42F3-B20F-F85E51EAF0E1}
		{00EC09C1-98F3-4D91-8717-6125471E394C} = {BFC78D56-8EC7-42F3-B20F-F85E51EAF0E1}
		{12FF3FD7-FD0B-44C1-B243-287CCC82174E} = {7011D9EB-BF54-4747-8E8E-B7BD45C703A9}
		{D46F9225-9BA3-4829-BE39-60A645222F13} = {BFC78D56-8EC7-42F3-B20F-F85E51EAF0E1}
		{E808D1B3-6EC6-4744-BD25-8D8028F49A80} = {45C01E51-757E-4C15-981B-CFC61E60D621}
		{036CEB11-1B75-4666-B0AB-1FCD76E8379A} = {45C01E51-757E-4C15-981B-CFC61E60D621}
		{383D3D5B-A0F7-4475-A622-EB8EBD36972A} = {45C01E51-757E-4C15-981B-CFC61E60D621}
		{B27757B2-5378-479C-BFEA-2C0E7B694E40} = {697D6134-0DAF-431A-97C6-A46CEFD15724}
		{F15199FF-AB72-4E6C-8E17-E1EC99DEFFD8} = {45C01E51-757E-4C15-981B-CFC61E60D621}
		{9A254EFD-7190-411D-877D-8B3E7B4EF9CD} = {697D6134-0DAF-431A-97C6-A46CEFD15724}
		{9E0FF147-B7DE-42CB-85D9-87C7C615C376} = {45C01E51-757E-4C15-981B-CFC61E60D621}
		{34A6F268-94F5-4CDA-81F7-DD663E26A5D9} = {9F0C13DD-B9AC-4E81-8110-03F75A56744E}
		{017F5D6E-1992-4113-AE4A-2F19036B1596} = {220DE2E9-1DD6-4F1C-AEC4-B8A1B8DB83D7}
		{4E96784C-18CD-495A-8B1D-5AB101059847} = {45C01E51-757E-4C15-981B-CFC61E60D621}
		{56D053F6-87CE-4F58-89FC-EBC1594C01C2} = {45C01E51-757E-4C15-981B-CFC61E60D621}
		{7AF4B476-904E-4B75-A202-E978DF45E49C} = {45C01E51-757E-4C15-981B-CFC61E60D621}
		{6B64B27E-1A1F-40BB-AC36-95C62429276E} = {45C01E51-757E-4C15-981B-CFC61E60D621}
		{1C8AF160-DC37-49EF-830F-092C9100E366} = {45C01E51-757E-4C15-981B-CFC61E60D621}
		{668CD6FF-4FED-451C-AD0D-FE6B89AD39A2} = {1EDFBB55-1304-4277-940E-FE91B1AAA817}
		{4AE449E1-92A6-4BEB-B510-EB5926A0B550} = {1EDFBB55-1304-4277-940E-FE91B1AAA817}
		{5CF1B3C9-A983-4290-9385-868A0BA754B5} = {1EDFBB55-1304-4277-940E-FE91B1AAA817}
		{5857B864-CF01-46A5-B025-A577DC9409B8} = {45C01E51-757E-4C15-981B-CFC61E60D621}
		{8A807B30-2F7F-40B5-89E6-7F2B8668A152} = {45C01E51-757E-4C15-981B-CFC61E60D621}
		{F8623C47-87EE-4A47-91C0-4C6019D1685D} = {45C01E51-757E-4C15-981B-CFC61E60D621}
		{C25B8D92-3145-4263-A137-A1DDBB2384E6} = {45C01E51-757E-4C15-981B-CFC61E60D621}
		{D850A282-D362-4A2D-A84D-76209AED0FEA} = {45C01E51-757E-4C15-981B-CFC61E60D621}
	EndGlobalSection
	GlobalSection(ExtensibilityGlobals) = postSolution
		SolutionGuid = {8F7CA880-BBCA-466B-B682-ACB206E5AEA7}
	EndGlobalSection
EndGlobal
